
Microsoft Visual Studio Solution File, Format Version 12.00
# Visual Studio Version 17
VisualStudioVersion = 17.14.36511.14 d17.14
MinimumVisualStudioVersion = 10.0.40219.1
Project("{FAE04EC0-301F-11D3-BF4B-00C04F79EFBC}") = "MataGames", "MataGames\MataGames.csproj", "{C293EE48-479A-42AD-A1EF-80B3A5D5F094}"
EndProject
Global
	GlobalSection(SolutionConfigurationPlatforms) = preSolution
		Debug|Any CPU = Debug|Any CPU
		Release|Any CPU = Release|Any CPU
	EndGlobalSection
	GlobalSection(ProjectConfigurationPlatforms) = postSolution
		{C293EE48-479A-42AD-A1EF-80B3A5D5F094}.Debug|Any CPU.ActiveCfg = Debug|Any CPU
		{C293EE48-479A-42AD-A1EF-80B3A5D5F094}.Debug|Any CPU.Build.0 = Debug|Any CPU
		{C293EE48-479A-42AD-A1EF-80B3A5D5F094}.Release|Any CPU.ActiveCfg = Release|Any CPU
		{C293EE48-479A-42AD-A1EF-80B3A5D5F094}.Release|Any CPU.Build.0 = Release|Any CPU
	EndGlobalSection
	GlobalSection(SolutionProperties) = preSolution
		HideSolutionNode = FALSE
	EndGlobalSection
	GlobalSection(ExtensibilityGlobals) = postSolution
		SolutionGuid = {7A7CE7F3-91AB-44F0-9CAC-210FA8350DA5}
	EndGlobalSection
EndGlobal
